
Microsoft Visual Studio Solution File, Format Version 12.00
# Visual Studio 15
VisualStudioVersion = 15.0.28010.2026
MinimumVisualStudioVersion = 10.0.40219.1
Project("{FAE04EC0-301F-11D3-BF4B-00C04F79EFBC}") = "mailSender", "mailSender\mailSender.csproj", "{52620257-2ACA-4725-9A27-0E3227ACC1DD}"
EndProject
Global
	GlobalSection(SolutionConfigurationPlatforms) = preSolution
		Debug|Any CPU = Debug|Any CPU
		Release|Any CPU = Release|Any CPU
	EndGlobalSection
	GlobalSection(ProjectConfigurationPlatforms) = postSolution
		{52620257-2ACA-4725-9A27-0E3227ACC1DD}.Debug|Any CPU.ActiveCfg = Debug|Any CPU
		{52620257-2ACA-4725-9A27-0E3227ACC1DD}.Debug|Any CPU.Build.0 = Debug|Any CPU
		{52620257-2ACA-4725-9A27-0E3227ACC1DD}.Release|Any CPU.ActiveCfg = Release|Any CPU
		{52620257-2ACA-4725-9A27-0E3227ACC1DD}.Release|Any CPU.Build.0 = Release|Any CPU
	EndGlobalSection
	GlobalSection(SolutionProperties) = preSolution
		HideSolutionNode = FALSE
	EndGlobalSection
	GlobalSection(ExtensibilityGlobals) = postSolution
		SolutionGuid = {011A9E01-80FC-4F7B-9953-C00546D7E4E3}
	EndGlobalSection
EndGlobal
